// !$*UTF8*$!
{
	archiveVersion = 1;
	classes = {
	};
	objectVersion = 51;
	objects = {

/* Begin PBXBuildFile section */
		0B0E335727304C5A000255F5 /* workshopDetailsVC.swift in Sources */ = {isa = PBXBuildFile; fileRef = 0B0E335627304C5A000255F5 /* workshopDetailsVC.swift */; };
		0B0E335927304E9E000255F5 /* Workshops.swift in Sources */ = {isa = PBXBuildFile; fileRef = 0B0E335827304E9E000255F5 /* Workshops.swift */; };
		0B82D8FE26FE3201000FB3EE /* RequestCell.xib in Resources */ = {isa = PBXBuildFile; fileRef = 0FC21B7E26F8D72A00B83B0E /* RequestCell.xib */; };
		0BD1DAAD26F669340088C25A /* UserHomeViewController.swift in Sources */ = {isa = PBXBuildFile; fileRef = 0BD1DAAC26F669340088C25A /* UserHomeViewController.swift */; };
		0F3DECEB270B207800C5F6BB /* RCell.xib in Resources */ = {isa = PBXBuildFile; fileRef = 0F3DECEA270B207800C5F6BB /* RCell.xib */; };
		0F40BDF026F54F4900FB83AC /* AppDelegate.swift in Sources */ = {isa = PBXBuildFile; fileRef = 0F40BDEF26F54F4900FB83AC /* AppDelegate.swift */; };
		0F40BDF226F54F4900FB83AC /* SceneDelegate.swift in Sources */ = {isa = PBXBuildFile; fileRef = 0F40BDF126F54F4900FB83AC /* SceneDelegate.swift */; };
		0F40BE0726F54F4A00FB83AC /* AOUNTests.swift in Sources */ = {isa = PBXBuildFile; fileRef = 0F40BE0626F54F4A00FB83AC /* AOUNTests.swift */; };
		0F40BE1226F54F4A00FB83AC /* AOUNUITests.swift in Sources */ = {isa = PBXBuildFile; fileRef = 0F40BE1126F54F4A00FB83AC /* AOUNUITests.swift */; };
		0F502A71270F772000912EF0 /* Main.storyboard in Resources */ = {isa = PBXBuildFile; fileRef = 0F40BDF526F54F4900FB83AC /* Main.storyboard */; };
		0F502A77270F77EA00912EF0 /* ForgotPassViewController.swift in Sources */ = {isa = PBXBuildFile; fileRef = 0F502A72270F77EA00912EF0 /* ForgotPassViewController.swift */; };
		0F502A78270F77EA00912EF0 /* Constants.swift in Sources */ = {isa = PBXBuildFile; fileRef = 0F502A73270F77EA00912EF0 /* Constants.swift */; };
		0F502A79270F77EA00912EF0 /* Utilities.swift in Sources */ = {isa = PBXBuildFile; fileRef = 0F502A74270F77EA00912EF0 /* Utilities.swift */; };
		0F502A7A270F77EA00912EF0 /* Auth.storyboard in Resources */ = {isa = PBXBuildFile; fileRef = 0F502A75270F77EA00912EF0 /* Auth.storyboard */; };
		0F502A7B270F77EA00912EF0 /* SignoutViewController.swift in Sources */ = {isa = PBXBuildFile; fileRef = 0F502A76270F77EA00912EF0 /* SignoutViewController.swift */; };
		0F502A7D270F7D6500912EF0 /* Profile.storyboard in Resources */ = {isa = PBXBuildFile; fileRef = 0F502A7C270F7D6500912EF0 /* Profile.storyboard */; };
		0F502A82270F855300912EF0 /* Resources.storyboard in Resources */ = {isa = PBXBuildFile; fileRef = 0F502A81270F855300912EF0 /* Resources.storyboard */; };
		0F5CDD45272D4931007CD644 /* PushNotificationSupport.swift in Sources */ = {isa = PBXBuildFile; fileRef = 0F5CDD44272D4931007CD644 /* PushNotificationSupport.swift */; };
		0F5CDD47272D8DC1007CD644 /* deleteResViewController.swift in Sources */ = {isa = PBXBuildFile; fileRef = 0F5CDD46272D8DC1007CD644 /* deleteResViewController.swift */; };
		0F5CDD49272D8DD4007CD644 /* deleteNoteViewController.swift in Sources */ = {isa = PBXBuildFile; fileRef = 0F5CDD48272D8DD4007CD644 /* deleteNoteViewController.swift */; };
		0F6EAE12272ACD2C0060997F /* GoogleService-Info.plist in Resources */ = {isa = PBXBuildFile; fileRef = 0F6EAE11272ACD2C0060997F /* GoogleService-Info.plist */; };
		0F6EAE1A272AE61D0060997F /* RPTTextView.swift in Sources */ = {isa = PBXBuildFile; fileRef = 0F6EAE19272AE61D0060997F /* RPTTextView.swift */; };
		0F6EAE1C272B0EE70060997F /* CustomAlertMessage.swift in Sources */ = {isa = PBXBuildFile; fileRef = 0F6EAE1B272B0EE70060997F /* CustomAlertMessage.swift */; };
		0F6EAE1E272C2B570060997F /* Assets.xcassets in Resources */ = {isa = PBXBuildFile; fileRef = 0F6EAE1D272C2B570060997F /* Assets.xcassets */; };
		0FA3B47127186786005511B1 /* CommunityHome.storyboard in Resources */ = {isa = PBXBuildFile; fileRef = 0FA3B47027186786005511B1 /* CommunityHome.storyboard */; };
		0FA3B47327187054005511B1 /* Community.swift in Sources */ = {isa = PBXBuildFile; fileRef = 0FA3B47227187054005511B1 /* Community.swift */; };
		0FA3B475271870A1005511B1 /* AskQuestion.swift in Sources */ = {isa = PBXBuildFile; fileRef = 0FA3B474271870A1005511B1 /* AskQuestion.swift */; };
		0FA3B47A2719ED6D005511B1 /* CommunityQuestion.swift in Sources */ = {isa = PBXBuildFile; fileRef = 0FA3B4782719ED6D005511B1 /* CommunityQuestion.swift */; };
		0FA3B47B2719ED6D005511B1 /* CommunityQuestion.xib in Resources */ = {isa = PBXBuildFile; fileRef = 0FA3B4792719ED6D005511B1 /* CommunityQuestion.xib */; };
		0FA3B47D271A0944005511B1 /* Question.swift in Sources */ = {isa = PBXBuildFile; fileRef = 0FA3B47C271A0944005511B1 /* Question.swift */; };
		0FA3B47F271A11A1005511B1 /* QuestionDetail.swift in Sources */ = {isa = PBXBuildFile; fileRef = 0FA3B47E271A11A1005511B1 /* QuestionDetail.swift */; };
		0FA3B486271B16B7005511B1 /* CommunityAnswer.swift in Sources */ = {isa = PBXBuildFile; fileRef = 0FA3B484271B16B7005511B1 /* CommunityAnswer.swift */; };
		0FA3B487271B16B7005511B1 /* CommunityAnswer.xib in Resources */ = {isa = PBXBuildFile; fileRef = 0FA3B485271B16B7005511B1 /* CommunityAnswer.xib */; };
		0FA3B489272719C5005511B1 /* AOUNExtensions.swift in Sources */ = {isa = PBXBuildFile; fileRef = 0FA3B488272719C5005511B1 /* AOUNExtensions.swift */; };
		0FA3B48D27276C30005511B1 /* AnswerQuestion.swift in Sources */ = {isa = PBXBuildFile; fileRef = 0FA3B48C27276C30005511B1 /* AnswerQuestion.swift */; };
		0FC21B7A26F6610100B83B0E /* AdminDashboard.swift in Sources */ = {isa = PBXBuildFile; fileRef = 0FC21B7926F6610100B83B0E /* AdminDashboard.swift */; };
		0FC21B7C26F66ED100B83B0E /* Request.swift in Sources */ = {isa = PBXBuildFile; fileRef = 0FC21B7B26F66ED100B83B0E /* Request.swift */; };
		0FC21B7F26F8D72A00B83B0E /* RequestCell.swift in Sources */ = {isa = PBXBuildFile; fileRef = 0FC21B7D26F8D72A00B83B0E /* RequestCell.swift */; };
		0FC3ABE72727FC5F00B43C26 /* User.swift in Sources */ = {isa = PBXBuildFile; fileRef = 0FC3ABDE2727FC5F00B43C26 /* User.swift */; };
		0FC3ABE82727FC5F00B43C26 /* ResTableViewCell.swift in Sources */ = {isa = PBXBuildFile; fileRef = 0FC3ABDF2727FC5F00B43C26 /* ResTableViewCell.swift */; };
		0FC3ABE92727FC5F00B43C26 /* notesTableViewCell.swift in Sources */ = {isa = PBXBuildFile; fileRef = 0FC3ABE02727FC5F00B43C26 /* notesTableViewCell.swift */; };
		0FC3ABEA2727FC5F00B43C26 /* ViewProfile.storyboard in Resources */ = {isa = PBXBuildFile; fileRef = 0FC3ABE12727FC5F00B43C26 /* ViewProfile.storyboard */; };
		0FC3ABEB2727FC5F00B43C26 /* notesTableViewCell.xib in Resources */ = {isa = PBXBuildFile; fileRef = 0FC3ABE22727FC5F00B43C26 /* notesTableViewCell.xib */; };
		0FC3ABEC2727FC5F00B43C26 /* ResTableViewCell.xib in Resources */ = {isa = PBXBuildFile; fileRef = 0FC3ABE32727FC5F00B43C26 /* ResTableViewCell.xib */; };
		0FC3ABEE2727FC5F00B43C26 /* ViewViewController.swift in Sources */ = {isa = PBXBuildFile; fileRef = 0FC3ABE52727FC5F00B43C26 /* ViewViewController.swift */; };
		0FC3ABEF2727FC5F00B43C26 /* EditProfile.swift in Sources */ = {isa = PBXBuildFile; fileRef = 0FC3ABE62727FC5F00B43C26 /* EditProfile.swift */; };
		0FC3ABF327286BBD00B43C26 /* Admin.storyboard in Resources */ = {isa = PBXBuildFile; fileRef = 0FC3ABF227286BBD00B43C26 /* Admin.storyboard */; };
		0FC63569270F8D7B004D7A2A /* ViewNotesViewController.swift in Sources */ = {isa = PBXBuildFile; fileRef = 0FC63567270F8D7B004D7A2A /* ViewNotesViewController.swift */; };
		0FC6356A270F8D7B004D7A2A /* PostNoteViewController.swift in Sources */ = {isa = PBXBuildFile; fileRef = 0FC63568270F8D7B004D7A2A /* PostNoteViewController.swift */; };
		0FC6356C270F8E5A004D7A2A /* detailedNoteViewController.swift in Sources */ = {isa = PBXBuildFile; fileRef = 0FC6356B270F8E5A004D7A2A /* detailedNoteViewController.swift */; };
		0FC63570270F8EA7004D7A2A /* NoteCellCollectionViewCell.swift in Sources */ = {isa = PBXBuildFile; fileRef = 0FC6356D270F8EA7004D7A2A /* NoteCellCollectionViewCell.swift */; };
		0FC63571270F8EA7004D7A2A /* NoteCellCollectionViewCell.xib in Resources */ = {isa = PBXBuildFile; fileRef = 0FC6356E270F8EA7004D7A2A /* NoteCellCollectionViewCell.xib */; };
		0FC63572270F8EA7004D7A2A /* NoteFile.swift in Sources */ = {isa = PBXBuildFile; fileRef = 0FC6356F270F8EA7004D7A2A /* NoteFile.swift */; };
		0FC6357727107A56004D7A2A /* Launch Screen.storyboard in Resources */ = {isa = PBXBuildFile; fileRef = 0FC6357627107A56004D7A2A /* Launch Screen.storyboard */; };
		271CFDD1270AF78C00FEE698 /* resPostViewController.swift in Sources */ = {isa = PBXBuildFile; fileRef = 271CFDD0270AF78C00FEE698 /* resPostViewController.swift */; };
		274C04C7270A1AFD00CFA191 /* RequestCommunityController.swift in Sources */ = {isa = PBXBuildFile; fileRef = 274C04C6270A1AFD00CFA191 /* RequestCommunityController.swift */; };
		276D9C4F27063E0F0019B8AD /* DownloadManager.swift in Sources */ = {isa = PBXBuildFile; fileRef = 276D9C4E27063E0F0019B8AD /* DownloadManager.swift */; };
		27712C6C2701E94E00450466 /* resourceCellCollectionViewCell.swift in Sources */ = {isa = PBXBuildFile; fileRef = 27712C6A2701E94E00450466 /* resourceCellCollectionViewCell.swift */; };
		27712C6D2701E94E00450466 /* resourceCellCollectionViewCell.xib in Resources */ = {isa = PBXBuildFile; fileRef = 27712C6B2701E94E00450466 /* resourceCellCollectionViewCell.xib */; };
		27712C6F270346AD00450466 /* resFile.swift in Sources */ = {isa = PBXBuildFile; fileRef = 27712C6E270346AD00450466 /* resFile.swift */; };
		27712C7127034CB200450466 /* detailedResViewController.swift in Sources */ = {isa = PBXBuildFile; fileRef = 27712C7027034CB200450466 /* detailedResViewController.swift */; };
		2792FB2C26F66EAA00366961 /* resViewViewController.swift in Sources */ = {isa = PBXBuildFile; fileRef = 2792FB2B26F66EAA00366961 /* resViewViewController.swift */; };
		27E0F2D0270A13E6008C7B97 /* CommunityDetailsViewController.swift in Sources */ = {isa = PBXBuildFile; fileRef = 27E0F2CF270A13E6008C7B97 /* CommunityDetailsViewController.swift */; };
		2CBE62BCDF0E866E6B52A0B7 /* Pods_AOUN_AOUNUITests.framework in Frameworks */ = {isa = PBXBuildFile; fileRef = 103176AEF5B50E04B40C046C /* Pods_AOUN_AOUNUITests.framework */; };
		30DA87332F3C712B25BBA530 /* Pods_AOUNTests.framework in Frameworks */ = {isa = PBXBuildFile; fileRef = 73A811261F320523D2FFF828 /* Pods_AOUNTests.framework */; };
		523D7D7527253F79001CF33E /* CommunityyViewController.swift in Sources */ = {isa = PBXBuildFile; fileRef = 523D7D7427253F79001CF33E /* CommunityyViewController.swift */; };
		523D7D7927253FC2001CF33E /* notification.swift in Sources */ = {isa = PBXBuildFile; fileRef = 523D7D7827253FC2001CF33E /* notification.swift */; };
		5264FC76272722150065DA81 /* Community.storyboard in Resources */ = {isa = PBXBuildFile; fileRef = 5264FC75272722150065DA81 /* Community.storyboard */; };
		52C97411271F7B7A00EEACBD /* community.swift in Sources */ = {isa = PBXBuildFile; fileRef = 52C97410271F7B7A00EEACBD /* community.swift */; };
		52D00D3026F69149009E3394 /* SignupViewController.swift in Sources */ = {isa = PBXBuildFile; fileRef = 52D00D2F26F69149009E3394 /* SignupViewController.swift */; };
		52D00D3226F6915C009E3394 /* LoginViewController.swift in Sources */ = {isa = PBXBuildFile; fileRef = 52D00D3126F6915C009E3394 /* LoginViewController.swift */; };
		999DAFADF9E88D07E7F88ED7 /* Pods_AOUN.framework in Frameworks */ = {isa = PBXBuildFile; fileRef = A25A9DB814CCD0E7AB81110C /* Pods_AOUN.framework */; };
		DA73ECB226FB9A680016ACA3 /* GoogleService-Info.plist in Resources */ = {isa = PBXBuildFile; fileRef = DA73ECB126FB9A680016ACA3 /* GoogleService-Info.plist */; };
		EA0E09D99C7FC9FAD85CA034 /* (null) in Frameworks */ = {isa = PBXBuildFile; };
		F7049652DBD7CAA5687E9845 /* (null) in Frameworks */ = {isa = PBXBuildFile; };
/* End PBXBuildFile section */

/* Begin PBXContainerItemProxy section */
		0F40BE0326F54F4A00FB83AC /* PBXContainerItemProxy */ = {
			isa = PBXContainerItemProxy;
			containerPortal = 0F40BDE426F54F4900FB83AC /* Project object */;
			proxyType = 1;
			remoteGlobalIDString = 0F40BDEB26F54F4900FB83AC;
			remoteInfo = AOUN;
		};
		0F40BE0E26F54F4A00FB83AC /* PBXContainerItemProxy */ = {
			isa = PBXContainerItemProxy;
			containerPortal = 0F40BDE426F54F4900FB83AC /* Project object */;
			proxyType = 1;
			remoteGlobalIDString = 0F40BDEB26F54F4900FB83AC;
			remoteInfo = AOUN;
		};
/* End PBXContainerItemProxy section */

/* Begin PBXFileReference section */
		0B0E335627304C5A000255F5 /* workshopDetailsVC.swift */ = {isa = PBXFileReference; lastKnownFileType = sourcecode.swift; path = workshopDetailsVC.swift; sourceTree = "<group>"; };
		0B0E335827304E9E000255F5 /* Workshops.swift */ = {isa = PBXFileReference; lastKnownFileType = sourcecode.swift; path = Workshops.swift; sourceTree = "<group>"; };
		0BD1DAAC26F669340088C25A /* UserHomeViewController.swift */ = {isa = PBXFileReference; lastKnownFileType = sourcecode.swift; path = UserHomeViewController.swift; sourceTree = "<group>"; };
		0F3DECEA270B207800C5F6BB /* RCell.xib */ = {isa = PBXFileReference; lastKnownFileType = file.xib; path = RCell.xib; sourceTree = "<group>"; };
		0F40BDEC26F54F4900FB83AC /* AOUN.app */ = {isa = PBXFileReference; explicitFileType = wrapper.application; includeInIndex = 0; path = AOUN.app; sourceTree = BUILT_PRODUCTS_DIR; };
		0F40BDEF26F54F4900FB83AC /* AppDelegate.swift */ = {isa = PBXFileReference; lastKnownFileType = sourcecode.swift; path = AppDelegate.swift; sourceTree = "<group>"; };
		0F40BDF126F54F4900FB83AC /* SceneDelegate.swift */ = {isa = PBXFileReference; lastKnownFileType = sourcecode.swift; path = SceneDelegate.swift; sourceTree = "<group>"; };
		0F40BDF626F54F4900FB83AC /* Base */ = {isa = PBXFileReference; lastKnownFileType = file.storyboard; name = Base; path = Base.lproj/Main.storyboard; sourceTree = "<group>"; };
		0F40BDFD26F54F4900FB83AC /* Info.plist */ = {isa = PBXFileReference; lastKnownFileType = text.plist.xml; path = Info.plist; sourceTree = "<group>"; };
		0F40BE0226F54F4A00FB83AC /* AOUNTests.xctest */ = {isa = PBXFileReference; explicitFileType = wrapper.cfbundle; includeInIndex = 0; path = AOUNTests.xctest; sourceTree = BUILT_PRODUCTS_DIR; };
		0F40BE0626F54F4A00FB83AC /* AOUNTests.swift */ = {isa = PBXFileReference; lastKnownFileType = sourcecode.swift; path = AOUNTests.swift; sourceTree = "<group>"; };
		0F40BE0826F54F4A00FB83AC /* Info.plist */ = {isa = PBXFileReference; lastKnownFileType = text.plist.xml; path = Info.plist; sourceTree = "<group>"; };
		0F40BE0D26F54F4A00FB83AC /* AOUNUITests.xctest */ = {isa = PBXFileReference; explicitFileType = wrapper.cfbundle; includeInIndex = 0; path = AOUNUITests.xctest; sourceTree = BUILT_PRODUCTS_DIR; };
		0F40BE1126F54F4A00FB83AC /* AOUNUITests.swift */ = {isa = PBXFileReference; lastKnownFileType = sourcecode.swift; path = AOUNUITests.swift; sourceTree = "<group>"; };
		0F40BE1326F54F4A00FB83AC /* Info.plist */ = {isa = PBXFileReference; lastKnownFileType = text.plist.xml; path = Info.plist; sourceTree = "<group>"; };
		0F502A72270F77EA00912EF0 /* ForgotPassViewController.swift */ = {isa = PBXFileReference; fileEncoding = 4; lastKnownFileType = sourcecode.swift; path = ForgotPassViewController.swift; sourceTree = "<group>"; };
		0F502A73270F77EA00912EF0 /* Constants.swift */ = {isa = PBXFileReference; fileEncoding = 4; lastKnownFileType = sourcecode.swift; path = Constants.swift; sourceTree = "<group>"; };
		0F502A74270F77EA00912EF0 /* Utilities.swift */ = {isa = PBXFileReference; fileEncoding = 4; lastKnownFileType = sourcecode.swift; path = Utilities.swift; sourceTree = "<group>"; };
		0F502A75270F77EA00912EF0 /* Auth.storyboard */ = {isa = PBXFileReference; fileEncoding = 4; lastKnownFileType = file.storyboard; path = Auth.storyboard; sourceTree = "<group>"; };
		0F502A76270F77EA00912EF0 /* SignoutViewController.swift */ = {isa = PBXFileReference; fileEncoding = 4; lastKnownFileType = sourcecode.swift; path = SignoutViewController.swift; sourceTree = "<group>"; };
		0F502A7C270F7D6500912EF0 /* Profile.storyboard */ = {isa = PBXFileReference; lastKnownFileType = file.storyboard; path = Profile.storyboard; sourceTree = "<group>"; };
		0F502A81270F855300912EF0 /* Resources.storyboard */ = {isa = PBXFileReference; lastKnownFileType = file.storyboard; path = Resources.storyboard; sourceTree = "<group>"; };
		0F5CDD44272D4931007CD644 /* PushNotificationSupport.swift */ = {isa = PBXFileReference; lastKnownFileType = sourcecode.swift; path = PushNotificationSupport.swift; sourceTree = "<group>"; };
		0F5CDD46272D8DC1007CD644 /* deleteResViewController.swift */ = {isa = PBXFileReference; fileEncoding = 4; lastKnownFileType = sourcecode.swift; path = deleteResViewController.swift; sourceTree = "<group>"; };
		0F5CDD48272D8DD4007CD644 /* deleteNoteViewController.swift */ = {isa = PBXFileReference; fileEncoding = 4; lastKnownFileType = sourcecode.swift; path = deleteNoteViewController.swift; sourceTree = "<group>"; };
		0F6EAE10272AC8EE0060997F /* AOUN.entitlements */ = {isa = PBXFileReference; lastKnownFileType = text.plist.entitlements; path = AOUN.entitlements; sourceTree = "<group>"; };
		0F6EAE11272ACD2C0060997F /* GoogleService-Info.plist */ = {isa = PBXFileReference; fileEncoding = 4; lastKnownFileType = text.plist.xml; path = "GoogleService-Info.plist"; sourceTree = "<group>"; };
		0F6EAE19272AE61D0060997F /* RPTTextView.swift */ = {isa = PBXFileReference; lastKnownFileType = sourcecode.swift; path = RPTTextView.swift; sourceTree = "<group>"; };
		0F6EAE1B272B0EE70060997F /* CustomAlertMessage.swift */ = {isa = PBXFileReference; lastKnownFileType = sourcecode.swift; path = CustomAlertMessage.swift; sourceTree = "<group>"; };
		0F6EAE1D272C2B570060997F /* Assets.xcassets */ = {isa = PBXFileReference; lastKnownFileType = folder.assetcatalog; path = Assets.xcassets; sourceTree = "<group>"; };
		0FA3B47027186786005511B1 /* CommunityHome.storyboard */ = {isa = PBXFileReference; lastKnownFileType = file.storyboard; path = CommunityHome.storyboard; sourceTree = "<group>"; };
		0FA3B47227187054005511B1 /* Community.swift */ = {isa = PBXFileReference; lastKnownFileType = sourcecode.swift; path = Community.swift; sourceTree = "<group>"; };
		0FA3B474271870A1005511B1 /* AskQuestion.swift */ = {isa = PBXFileReference; lastKnownFileType = sourcecode.swift; path = AskQuestion.swift; sourceTree = "<group>"; };
		0FA3B4782719ED6D005511B1 /* CommunityQuestion.swift */ = {isa = PBXFileReference; lastKnownFileType = sourcecode.swift; path = CommunityQuestion.swift; sourceTree = "<group>"; };
		0FA3B4792719ED6D005511B1 /* CommunityQuestion.xib */ = {isa = PBXFileReference; lastKnownFileType = file.xib; path = CommunityQuestion.xib; sourceTree = "<group>"; };
		0FA3B47C271A0944005511B1 /* Question.swift */ = {isa = PBXFileReference; lastKnownFileType = sourcecode.swift; path = Question.swift; sourceTree = "<group>"; };
		0FA3B47E271A11A1005511B1 /* QuestionDetail.swift */ = {isa = PBXFileReference; lastKnownFileType = sourcecode.swift; path = QuestionDetail.swift; sourceTree = "<group>"; };
		0FA3B484271B16B7005511B1 /* CommunityAnswer.swift */ = {isa = PBXFileReference; lastKnownFileType = sourcecode.swift; path = CommunityAnswer.swift; sourceTree = "<group>"; };
		0FA3B485271B16B7005511B1 /* CommunityAnswer.xib */ = {isa = PBXFileReference; lastKnownFileType = file.xib; path = CommunityAnswer.xib; sourceTree = "<group>"; };
		0FA3B488272719C5005511B1 /* AOUNExtensions.swift */ = {isa = PBXFileReference; lastKnownFileType = sourcecode.swift; path = AOUNExtensions.swift; sourceTree = "<group>"; };
		0FA3B48C27276C30005511B1 /* AnswerQuestion.swift */ = {isa = PBXFileReference; lastKnownFileType = sourcecode.swift; path = AnswerQuestion.swift; sourceTree = "<group>"; };
		0FC21B7926F6610100B83B0E /* AdminDashboard.swift */ = {isa = PBXFileReference; lastKnownFileType = sourcecode.swift; path = AdminDashboard.swift; sourceTree = "<group>"; };
		0FC21B7B26F66ED100B83B0E /* Request.swift */ = {isa = PBXFileReference; lastKnownFileType = sourcecode.swift; path = Request.swift; sourceTree = "<group>"; };
		0FC21B7D26F8D72A00B83B0E /* RequestCell.swift */ = {isa = PBXFileReference; lastKnownFileType = sourcecode.swift; path = RequestCell.swift; sourceTree = "<group>"; };
		0FC21B7E26F8D72A00B83B0E /* RequestCell.xib */ = {isa = PBXFileReference; lastKnownFileType = file.xib; name = RequestCell.xib; path = AOUN/Sara/RequestCell.xib; sourceTree = SOURCE_ROOT; };
		0FC3ABDE2727FC5F00B43C26 /* User.swift */ = {isa = PBXFileReference; fileEncoding = 4; lastKnownFileType = sourcecode.swift; path = User.swift; sourceTree = "<group>"; };
		0FC3ABDF2727FC5F00B43C26 /* ResTableViewCell.swift */ = {isa = PBXFileReference; fileEncoding = 4; lastKnownFileType = sourcecode.swift; path = ResTableViewCell.swift; sourceTree = "<group>"; };
		0FC3ABE02727FC5F00B43C26 /* notesTableViewCell.swift */ = {isa = PBXFileReference; fileEncoding = 4; lastKnownFileType = sourcecode.swift; path = notesTableViewCell.swift; sourceTree = "<group>"; };
		0FC3ABE12727FC5F00B43C26 /* ViewProfile.storyboard */ = {isa = PBXFileReference; fileEncoding = 4; lastKnownFileType = file.storyboard; path = ViewProfile.storyboard; sourceTree = "<group>"; };
		0FC3ABE22727FC5F00B43C26 /* notesTableViewCell.xib */ = {isa = PBXFileReference; fileEncoding = 4; lastKnownFileType = file.xib; path = notesTableViewCell.xib; sourceTree = "<group>"; };
		0FC3ABE32727FC5F00B43C26 /* ResTableViewCell.xib */ = {isa = PBXFileReference; fileEncoding = 4; lastKnownFileType = file.xib; path = ResTableViewCell.xib; sourceTree = "<group>"; };
		0FC3ABE52727FC5F00B43C26 /* ViewViewController.swift */ = {isa = PBXFileReference; fileEncoding = 4; lastKnownFileType = sourcecode.swift; path = ViewViewController.swift; sourceTree = "<group>"; };
		0FC3ABE62727FC5F00B43C26 /* EditProfile.swift */ = {isa = PBXFileReference; fileEncoding = 4; lastKnownFileType = sourcecode.swift; path = EditProfile.swift; sourceTree = "<group>"; };
		0FC3ABF227286BBD00B43C26 /* Admin.storyboard */ = {isa = PBXFileReference; fileEncoding = 4; lastKnownFileType = file.storyboard; path = Admin.storyboard; sourceTree = "<group>"; };
		0FC63567270F8D7B004D7A2A /* ViewNotesViewController.swift */ = {isa = PBXFileReference; fileEncoding = 4; lastKnownFileType = sourcecode.swift; path = ViewNotesViewController.swift; sourceTree = "<group>"; };
		0FC63568270F8D7B004D7A2A /* PostNoteViewController.swift */ = {isa = PBXFileReference; fileEncoding = 4; lastKnownFileType = sourcecode.swift; path = PostNoteViewController.swift; sourceTree = "<group>"; };
		0FC6356B270F8E5A004D7A2A /* detailedNoteViewController.swift */ = {isa = PBXFileReference; fileEncoding = 4; lastKnownFileType = sourcecode.swift; path = detailedNoteViewController.swift; sourceTree = "<group>"; };
		0FC6356D270F8EA7004D7A2A /* NoteCellCollectionViewCell.swift */ = {isa = PBXFileReference; fileEncoding = 4; lastKnownFileType = sourcecode.swift; path = NoteCellCollectionViewCell.swift; sourceTree = "<group>"; };
		0FC6356E270F8EA7004D7A2A /* NoteCellCollectionViewCell.xib */ = {isa = PBXFileReference; fileEncoding = 4; lastKnownFileType = file.xib; path = NoteCellCollectionViewCell.xib; sourceTree = "<group>"; };
		0FC6356F270F8EA7004D7A2A /* NoteFile.swift */ = {isa = PBXFileReference; fileEncoding = 4; lastKnownFileType = sourcecode.swift; path = NoteFile.swift; sourceTree = "<group>"; };
		0FC6357627107A56004D7A2A /* Launch Screen.storyboard */ = {isa = PBXFileReference; lastKnownFileType = file.storyboard; path = "Launch Screen.storyboard"; sourceTree = "<group>"; };
		103176AEF5B50E04B40C046C /* Pods_AOUN_AOUNUITests.framework */ = {isa = PBXFileReference; explicitFileType = wrapper.framework; includeInIndex = 0; path = Pods_AOUN_AOUNUITests.framework; sourceTree = BUILT_PRODUCTS_DIR; };
		271CFDD0270AF78C00FEE698 /* resPostViewController.swift */ = {isa = PBXFileReference; lastKnownFileType = sourcecode.swift; path = resPostViewController.swift; sourceTree = "<group>"; };
		274C04C6270A1AFD00CFA191 /* RequestCommunityController.swift */ = {isa = PBXFileReference; fileEncoding = 4; lastKnownFileType = sourcecode.swift; path = RequestCommunityController.swift; sourceTree = "<group>"; };
		276D9C4E27063E0F0019B8AD /* DownloadManager.swift */ = {isa = PBXFileReference; lastKnownFileType = sourcecode.swift; path = DownloadManager.swift; sourceTree = "<group>"; };
		27712C6A2701E94E00450466 /* resourceCellCollectionViewCell.swift */ = {isa = PBXFileReference; lastKnownFileType = sourcecode.swift; path = resourceCellCollectionViewCell.swift; sourceTree = "<group>"; };
		27712C6B2701E94E00450466 /* resourceCellCollectionViewCell.xib */ = {isa = PBXFileReference; lastKnownFileType = file.xib; path = resourceCellCollectionViewCell.xib; sourceTree = "<group>"; };
		27712C6E270346AD00450466 /* resFile.swift */ = {isa = PBXFileReference; lastKnownFileType = sourcecode.swift; path = resFile.swift; sourceTree = "<group>"; };
		27712C7027034CB200450466 /* detailedResViewController.swift */ = {isa = PBXFileReference; lastKnownFileType = sourcecode.swift; path = detailedResViewController.swift; sourceTree = "<group>"; };
		2792FB2B26F66EAA00366961 /* resViewViewController.swift */ = {isa = PBXFileReference; lastKnownFileType = sourcecode.swift; path = resViewViewController.swift; sourceTree = "<group>"; };
		27E0F2CF270A13E6008C7B97 /* CommunityDetailsViewController.swift */ = {isa = PBXFileReference; fileEncoding = 4; lastKnownFileType = sourcecode.swift; path = CommunityDetailsViewController.swift; sourceTree = "<group>"; };
		3F2A30137F1E6FDE846B19A1 /* Pods-AOUN-AOUNUITests.release.xcconfig */ = {isa = PBXFileReference; includeInIndex = 1; lastKnownFileType = text.xcconfig; name = "Pods-AOUN-AOUNUITests.release.xcconfig"; path = "Target Support Files/Pods-AOUN-AOUNUITests/Pods-AOUN-AOUNUITests.release.xcconfig"; sourceTree = "<group>"; };
		523D7D7427253F79001CF33E /* CommunityyViewController.swift */ = {isa = PBXFileReference; lastKnownFileType = sourcecode.swift; path = CommunityyViewController.swift; sourceTree = "<group>"; };
		523D7D7827253FC2001CF33E /* notification.swift */ = {isa = PBXFileReference; lastKnownFileType = sourcecode.swift; path = notification.swift; sourceTree = "<group>"; };
		5264FC75272722150065DA81 /* Community.storyboard */ = {isa = PBXFileReference; fileEncoding = 4; lastKnownFileType = file.storyboard; path = Community.storyboard; sourceTree = "<group>"; };
		52C97410271F7B7A00EEACBD /* community.swift */ = {isa = PBXFileReference; lastKnownFileType = sourcecode.swift; path = community.swift; sourceTree = "<group>"; };
		52D00D2F26F69149009E3394 /* SignupViewController.swift */ = {isa = PBXFileReference; lastKnownFileType = sourcecode.swift; path = SignupViewController.swift; sourceTree = "<group>"; };
		52D00D3126F6915C009E3394 /* LoginViewController.swift */ = {isa = PBXFileReference; lastKnownFileType = sourcecode.swift; path = LoginViewController.swift; sourceTree = "<group>"; };
		5402E075B8C0E3C999483E31 /* Pods-AOUN.debug.xcconfig */ = {isa = PBXFileReference; includeInIndex = 1; lastKnownFileType = text.xcconfig; name = "Pods-AOUN.debug.xcconfig"; path = "Target Support Files/Pods-AOUN/Pods-AOUN.debug.xcconfig"; sourceTree = "<group>"; };
		682C14C097C50B63F646FB01 /* Pods-AOUN.release.xcconfig */ = {isa = PBXFileReference; includeInIndex = 1; lastKnownFileType = text.xcconfig; name = "Pods-AOUN.release.xcconfig"; path = "Target Support Files/Pods-AOUN/Pods-AOUN.release.xcconfig"; sourceTree = "<group>"; };
		73A811261F320523D2FFF828 /* Pods_AOUNTests.framework */ = {isa = PBXFileReference; explicitFileType = wrapper.framework; includeInIndex = 0; path = Pods_AOUNTests.framework; sourceTree = BUILT_PRODUCTS_DIR; };
		90717719763E0B414C8AB5D7 /* Pods-AOUN-AOUNUITests.debug.xcconfig */ = {isa = PBXFileReference; includeInIndex = 1; lastKnownFileType = text.xcconfig; name = "Pods-AOUN-AOUNUITests.debug.xcconfig"; path = "Target Support Files/Pods-AOUN-AOUNUITests/Pods-AOUN-AOUNUITests.debug.xcconfig"; sourceTree = "<group>"; };
		A25A9DB814CCD0E7AB81110C /* Pods_AOUN.framework */ = {isa = PBXFileReference; explicitFileType = wrapper.framework; includeInIndex = 0; path = Pods_AOUN.framework; sourceTree = BUILT_PRODUCTS_DIR; };
		D3E4201DB3D2E9FB5EEB0FB8 /* Pods-AOUNTests.release.xcconfig */ = {isa = PBXFileReference; includeInIndex = 1; lastKnownFileType = text.xcconfig; name = "Pods-AOUNTests.release.xcconfig"; path = "Target Support Files/Pods-AOUNTests/Pods-AOUNTests.release.xcconfig"; sourceTree = "<group>"; };
		DA73ECB126FB9A680016ACA3 /* GoogleService-Info.plist */ = {isa = PBXFileReference; fileEncoding = 4; lastKnownFileType = text.plist.xml; path = "GoogleService-Info.plist"; sourceTree = "<group>"; };
		ED6605DD51AFB6714DBC5866 /* Pods-AOUNTests.debug.xcconfig */ = {isa = PBXFileReference; includeInIndex = 1; lastKnownFileType = text.xcconfig; name = "Pods-AOUNTests.debug.xcconfig"; path = "Target Support Files/Pods-AOUNTests/Pods-AOUNTests.debug.xcconfig"; sourceTree = "<group>"; };
/* End PBXFileReference section */

/* Begin PBXFrameworksBuildPhase section */
		0F40BDE926F54F4900FB83AC /* Frameworks */ = {
			isa = PBXFrameworksBuildPhase;
			buildActionMask = 2147483647;
			files = (
				999DAFADF9E88D07E7F88ED7 /* Pods_AOUN.framework in Frameworks */,
			);
			runOnlyForDeploymentPostprocessing = 0;
		};
		0F40BDFF26F54F4A00FB83AC /* Frameworks */ = {
			isa = PBXFrameworksBuildPhase;
			buildActionMask = 2147483647;
			files = (
				EA0E09D99C7FC9FAD85CA034 /* (null) in Frameworks */,
				30DA87332F3C712B25BBA530 /* Pods_AOUNTests.framework in Frameworks */,
			);
			runOnlyForDeploymentPostprocessing = 0;
		};
		0F40BE0A26F54F4A00FB83AC /* Frameworks */ = {
			isa = PBXFrameworksBuildPhase;
			buildActionMask = 2147483647;
			files = (
				F7049652DBD7CAA5687E9845 /* (null) in Frameworks */,
				2CBE62BCDF0E866E6B52A0B7 /* Pods_AOUN_AOUNUITests.framework in Frameworks */,
			);
			runOnlyForDeploymentPostprocessing = 0;
		};
/* End PBXFrameworksBuildPhase section */

/* Begin PBXGroup section */
		0F3DECEC270C995F00C5F6BB /* Reema */ = {
			isa = PBXGroup;
			children = (
				0F5CDD46272D8DC1007CD644 /* deleteResViewController.swift */,
				27712C6E270346AD00450466 /* resFile.swift */,
				27712C6B2701E94E00450466 /* resourceCellCollectionViewCell.xib */,
				271CFDD0270AF78C00FEE698 /* resPostViewController.swift */,
				27712C6A2701E94E00450466 /* resourceCellCollectionViewCell.swift */,
				2792FB2B26F66EAA00366961 /* resViewViewController.swift */,
				27712C7027034CB200450466 /* detailedResViewController.swift */,
				0F502A81270F855300912EF0 /* Resources.storyboard */,
			);
			path = Reema;
			sourceTree = "<group>";
		};
		0F3DECED270C99A800C5F6BB /* Sara */ = {
			isa = PBXGroup;
			children = (
				0FC3ABF227286BBD00B43C26 /* Admin.storyboard */,
				27E0F2CF270A13E6008C7B97 /* CommunityDetailsViewController.swift */,
				0FC21B7D26F8D72A00B83B0E /* RequestCell.swift */,
				0FC21B7B26F66ED100B83B0E /* Request.swift */,
				274C04C6270A1AFD00CFA191 /* RequestCommunityController.swift */,
				0F3DECEA270B207800C5F6BB /* RCell.xib */,
				0FC21B7E26F8D72A00B83B0E /* RequestCell.xib */,
				0FA3B47027186786005511B1 /* CommunityHome.storyboard */,
				0FA3B47227187054005511B1 /* Community.swift */,
				0FA3B474271870A1005511B1 /* AskQuestion.swift */,
				0FA3B4782719ED6D005511B1 /* CommunityQuestion.swift */,
				0FA3B4792719ED6D005511B1 /* CommunityQuestion.xib */,
				0FA3B47C271A0944005511B1 /* Question.swift */,
				0FA3B47E271A11A1005511B1 /* QuestionDetail.swift */,
				0FA3B484271B16B7005511B1 /* CommunityAnswer.swift */,
				0FA3B485271B16B7005511B1 /* CommunityAnswer.xib */,
				0FA3B488272719C5005511B1 /* AOUNExtensions.swift */,
				0FA3B48C27276C30005511B1 /* AnswerQuestion.swift */,
				0F6EAE1B272B0EE70060997F /* CustomAlertMessage.swift */,
				0F5CDD44272D4931007CD644 /* PushNotificationSupport.swift */,
			);
			path = Sara;
			sourceTree = "<group>";
		};
		0F3DECEF270C9A0900C5F6BB /* Shatha */ = {
			isa = PBXGroup;
			children = (
				0FC3ABE62727FC5F00B43C26 /* EditProfile.swift */,
				0FC3ABE02727FC5F00B43C26 /* notesTableViewCell.swift */,
				0FC3ABE22727FC5F00B43C26 /* notesTableViewCell.xib */,
				0FC3ABDF2727FC5F00B43C26 /* ResTableViewCell.swift */,
				0FC3ABE32727FC5F00B43C26 /* ResTableViewCell.xib */,
				0FC3ABDE2727FC5F00B43C26 /* User.swift */,
				0FC3ABE12727FC5F00B43C26 /* ViewProfile.storyboard */,
				0B0E335827304E9E000255F5 /* Workshops.swift */,
				0B0E335627304C5A000255F5 /* workshopDetailsVC.swift */,
				0FC3ABE52727FC5F00B43C26 /* ViewViewController.swift */,
				0BD1DAAC26F669340088C25A /* UserHomeViewController.swift */,
				0FC21B7926F6610100B83B0E /* AdminDashboard.swift */,
			);
			path = Shatha;
			sourceTree = "<group>";
		};
		0F40BDE326F54F4900FB83AC = {
			isa = PBXGroup;
			children = (
				0F40BDEE26F54F4900FB83AC /* AOUN */,
				0F40BE0526F54F4A00FB83AC /* AOUNTests */,
				0F40BE1026F54F4A00FB83AC /* AOUNUITests */,
				0F40BDED26F54F4900FB83AC /* Products */,
				4644E3BCA9AE27FF9518000A /* Pods */,
				F634AD08338E422328CFFB3C /* Frameworks */,
			);
			sourceTree = "<group>";
		};
		0F40BDED26F54F4900FB83AC /* Products */ = {
			isa = PBXGroup;
			children = (
				0F40BDEC26F54F4900FB83AC /* AOUN.app */,
				0F40BE0226F54F4A00FB83AC /* AOUNTests.xctest */,
				0F40BE0D26F54F4A00FB83AC /* AOUNUITests.xctest */,
			);
			name = Products;
			sourceTree = "<group>";
		};
		0F40BDEE26F54F4900FB83AC /* AOUN */ = {
			isa = PBXGroup;
			children = (
				0F6EAE10272AC8EE0060997F /* AOUN.entitlements */,
				0F40BDEF26F54F4900FB83AC /* AppDelegate.swift */,
				0F40BDF126F54F4900FB83AC /* SceneDelegate.swift */,
				0F6EAE1D272C2B570060997F /* Assets.xcassets */,
				0F40BDF526F54F4900FB83AC /* Main.storyboard */,
				276D9C4E27063E0F0019B8AD /* DownloadManager.swift */,
				0F6EAE19272AE61D0060997F /* RPTTextView.swift */,
				DA73ECB126FB9A680016ACA3 /* GoogleService-Info.plist */,
				0FC6357627107A56004D7A2A /* Launch Screen.storyboard */,
				0F6EAE11272ACD2C0060997F /* GoogleService-Info.plist */,
				0F40BDFD26F54F4900FB83AC /* Info.plist */,
				0FC63566270F8D5C004D7A2A /* Rasha */,
				52D00D2E26F69136009E3394 /* Rana */,
				0F3DECEC270C995F00C5F6BB /* Reema */,
				0F3DECED270C99A800C5F6BB /* Sara */,
				0F3DECEF270C9A0900C5F6BB /* Shatha */,
			);
			path = AOUN;
			sourceTree = "<group>";
		};
		0F40BE0526F54F4A00FB83AC /* AOUNTests */ = {
			isa = PBXGroup;
			children = (
				0F40BE0626F54F4A00FB83AC /* AOUNTests.swift */,
				0F40BE0826F54F4A00FB83AC /* Info.plist */,
			);
			path = AOUNTests;
			sourceTree = "<group>";
		};
		0F40BE1026F54F4A00FB83AC /* AOUNUITests */ = {
			isa = PBXGroup;
			children = (
				0F40BE1126F54F4A00FB83AC /* AOUNUITests.swift */,
				0F40BE1326F54F4A00FB83AC /* Info.plist */,
			);
			path = AOUNUITests;
			sourceTree = "<group>";
		};
		0FC63566270F8D5C004D7A2A /* Rasha */ = {
			isa = PBXGroup;
			children = (
				0FC6356B270F8E5A004D7A2A /* detailedNoteViewController.swift */,
				0F5CDD48272D8DD4007CD644 /* deleteNoteViewController.swift */,
				0FC63568270F8D7B004D7A2A /* PostNoteViewController.swift */,
				0FC63567270F8D7B004D7A2A /* ViewNotesViewController.swift */,
				0FC6356D270F8EA7004D7A2A /* NoteCellCollectionViewCell.swift */,
				0FC6356E270F8EA7004D7A2A /* NoteCellCollectionViewCell.xib */,
				0FC6356F270F8EA7004D7A2A /* NoteFile.swift */,
			);
			name = Rasha;
			sourceTree = "<group>";
		};
		4644E3BCA9AE27FF9518000A /* Pods */ = {
			isa = PBXGroup;
			children = (
				5402E075B8C0E3C999483E31 /* Pods-AOUN.debug.xcconfig */,
				682C14C097C50B63F646FB01 /* Pods-AOUN.release.xcconfig */,
				90717719763E0B414C8AB5D7 /* Pods-AOUN-AOUNUITests.debug.xcconfig */,
				3F2A30137F1E6FDE846B19A1 /* Pods-AOUN-AOUNUITests.release.xcconfig */,
				ED6605DD51AFB6714DBC5866 /* Pods-AOUNTests.debug.xcconfig */,
				D3E4201DB3D2E9FB5EEB0FB8 /* Pods-AOUNTests.release.xcconfig */,
			);
			path = Pods;
			sourceTree = "<group>";
		};
		52D00D2E26F69136009E3394 /* Rana */ = {
			isa = PBXGroup;
			children = (
				5264FC75272722150065DA81 /* Community.storyboard */,
				0F502A75270F77EA00912EF0 /* Auth.storyboard */,
				523D7D7427253F79001CF33E /* CommunityyViewController.swift */,
				523D7D7827253FC2001CF33E /* notification.swift */,
				0F502A73270F77EA00912EF0 /* Constants.swift */,
				0F502A72270F77EA00912EF0 /* ForgotPassViewController.swift */,
				52C97410271F7B7A00EEACBD /* community.swift */,
				0F502A76270F77EA00912EF0 /* SignoutViewController.swift */,
				0F502A74270F77EA00912EF0 /* Utilities.swift */,
				52D00D2F26F69149009E3394 /* SignupViewController.swift */,
				52D00D3126F6915C009E3394 /* LoginViewController.swift */,
				0F502A7C270F7D6500912EF0 /* Profile.storyboard */,
			);
			path = Rana;
			sourceTree = "<group>";
		};
		F634AD08338E422328CFFB3C /* Frameworks */ = {
			isa = PBXGroup;
			children = (
				A25A9DB814CCD0E7AB81110C /* Pods_AOUN.framework */,
				103176AEF5B50E04B40C046C /* Pods_AOUN_AOUNUITests.framework */,
				73A811261F320523D2FFF828 /* Pods_AOUNTests.framework */,
			);
			name = Frameworks;
			sourceTree = "<group>";
		};
/* End PBXGroup section */

/* Begin PBXNativeTarget section */
		0F40BDEB26F54F4900FB83AC /* AOUN */ = {
			isa = PBXNativeTarget;
			buildConfigurationList = 0F40BE1626F54F4A00FB83AC /* Build configuration list for PBXNativeTarget "AOUN" */;
			buildPhases = (
				B120E0B4A199375B7CD74457 /* [CP] Check Pods Manifest.lock */,
				0F40BDE826F54F4900FB83AC /* Sources */,
				0F40BDE926F54F4900FB83AC /* Frameworks */,
				0F40BDEA26F54F4900FB83AC /* Resources */,
				3D49246B39ED84621FBF74E0 /* [CP] Embed Pods Frameworks */,
			);
			buildRules = (
			);
			dependencies = (
			);
			name = AOUN;
			productName = AOUN;
			productReference = 0F40BDEC26F54F4900FB83AC /* AOUN.app */;
			productType = "com.apple.product-type.application";
		};
		0F40BE0126F54F4A00FB83AC /* AOUNTests */ = {
			isa = PBXNativeTarget;
			buildConfigurationList = 0F40BE1926F54F4A00FB83AC /* Build configuration list for PBXNativeTarget "AOUNTests" */;
			buildPhases = (
				211E7A5B3C56F02280FA9EBC /* [CP] Check Pods Manifest.lock */,
				0F40BDFE26F54F4A00FB83AC /* Sources */,
				0F40BDFF26F54F4A00FB83AC /* Frameworks */,
				0F40BE0026F54F4A00FB83AC /* Resources */,
				A00C554D80C0BDCA6B60AF66 /* [CP] Embed Pods Frameworks */,
			);
			buildRules = (
			);
			dependencies = (
				0F40BE0426F54F4A00FB83AC /* PBXTargetDependency */,
			);
			name = AOUNTests;
			productName = AOUNTests;
			productReference = 0F40BE0226F54F4A00FB83AC /* AOUNTests.xctest */;
			productType = "com.apple.product-type.bundle.unit-test";
		};
		0F40BE0C26F54F4A00FB83AC /* AOUNUITests */ = {
			isa = PBXNativeTarget;
			buildConfigurationList = 0F40BE1C26F54F4A00FB83AC /* Build configuration list for PBXNativeTarget "AOUNUITests" */;
			buildPhases = (
				A415B3A0B55880B8E1724CBD /* [CP] Check Pods Manifest.lock */,
				0F40BE0926F54F4A00FB83AC /* Sources */,
				0F40BE0A26F54F4A00FB83AC /* Frameworks */,
				0F40BE0B26F54F4A00FB83AC /* Resources */,
				234D53B5FA2BBE8324046FE4 /* [CP] Embed Pods Frameworks */,
			);
			buildRules = (
			);
			dependencies = (
				0F40BE0F26F54F4A00FB83AC /* PBXTargetDependency */,
			);
			name = AOUNUITests;
			productName = AOUNUITests;
			productReference = 0F40BE0D26F54F4A00FB83AC /* AOUNUITests.xctest */;
			productType = "com.apple.product-type.bundle.ui-testing";
		};
/* End PBXNativeTarget section */

/* Begin PBXProject section */
		0F40BDE426F54F4900FB83AC /* Project object */ = {
			isa = PBXProject;
			attributes = {
				LastSwiftUpdateCheck = 1250;
				LastUpgradeCheck = 1250;
				TargetAttributes = {
					0F40BDEB26F54F4900FB83AC = {
						CreatedOnToolsVersion = 12.5.1;
					};
					0F40BE0126F54F4A00FB83AC = {
						CreatedOnToolsVersion = 12.5.1;
						TestTargetID = 0F40BDEB26F54F4900FB83AC;
					};
					0F40BE0C26F54F4A00FB83AC = {
						CreatedOnToolsVersion = 12.5.1;
						TestTargetID = 0F40BDEB26F54F4900FB83AC;
					};
				};
			};
			buildConfigurationList = 0F40BDE726F54F4900FB83AC /* Build configuration list for PBXProject "AOUN" */;
			compatibilityVersion = "Xcode 9.3";
			developmentRegion = en;
			hasScannedForEncodings = 0;
			knownRegions = (
				en,
				Base,
			);
			mainGroup = 0F40BDE326F54F4900FB83AC;
			productRefGroup = 0F40BDED26F54F4900FB83AC /* Products */;
			projectDirPath = "";
			projectRoot = "";
			targets = (
				0F40BDEB26F54F4900FB83AC /* AOUN */,
				0F40BE0126F54F4A00FB83AC /* AOUNTests */,
				0F40BE0C26F54F4A00FB83AC /* AOUNUITests */,
			);
		};
/* End PBXProject section */

/* Begin PBXResourcesBuildPhase section */
		0F40BDEA26F54F4900FB83AC /* Resources */ = {
			isa = PBXResourcesBuildPhase;
			buildActionMask = 2147483647;
			files = (
				0FC63571270F8EA7004D7A2A /* NoteCellCollectionViewCell.xib in Resources */,
				0F502A7A270F77EA00912EF0 /* Auth.storyboard in Resources */,
				0F502A71270F772000912EF0 /* Main.storyboard in Resources */,
				5264FC76272722150065DA81 /* Community.storyboard in Resources */,
				0FA3B47127186786005511B1 /* CommunityHome.storyboard in Resources */,
				0F3DECEB270B207800C5F6BB /* RCell.xib in Resources */,
				27712C6D2701E94E00450466 /* resourceCellCollectionViewCell.xib in Resources */,
				0FC6357727107A56004D7A2A /* Launch Screen.storyboard in Resources */,
				0FC3ABEA2727FC5F00B43C26 /* ViewProfile.storyboard in Resources */,
				0FC3ABEC2727FC5F00B43C26 /* ResTableViewCell.xib in Resources */,
				0FA3B47B2719ED6D005511B1 /* CommunityQuestion.xib in Resources */,
				0F502A82270F855300912EF0 /* Resources.storyboard in Resources */,
				0F502A7D270F7D6500912EF0 /* Profile.storyboard in Resources */,
				0FA3B487271B16B7005511B1 /* CommunityAnswer.xib in Resources */,
				0F6EAE1E272C2B570060997F /* Assets.xcassets in Resources */,
				DA73ECB226FB9A680016ACA3 /* GoogleService-Info.plist in Resources */,
				0FC3ABF327286BBD00B43C26 /* Admin.storyboard in Resources */,
				0F6EAE12272ACD2C0060997F /* GoogleService-Info.plist in Resources */,
				0FC3ABEB2727FC5F00B43C26 /* notesTableViewCell.xib in Resources */,
				0B82D8FE26FE3201000FB3EE /* RequestCell.xib in Resources */,
			);
			runOnlyForDeploymentPostprocessing = 0;
		};
		0F40BE0026F54F4A00FB83AC /* Resources */ = {
			isa = PBXResourcesBuildPhase;
			buildActionMask = 2147483647;
			files = (
			);
			runOnlyForDeploymentPostprocessing = 0;
		};
		0F40BE0B26F54F4A00FB83AC /* Resources */ = {
			isa = PBXResourcesBuildPhase;
			buildActionMask = 2147483647;
			files = (
			);
			runOnlyForDeploymentPostprocessing = 0;
		};
/* End PBXResourcesBuildPhase section */

/* Begin PBXShellScriptBuildPhase section */
		211E7A5B3C56F02280FA9EBC /* [CP] Check Pods Manifest.lock */ = {
			isa = PBXShellScriptBuildPhase;
			buildActionMask = 2147483647;
			files = (
			);
			inputFileListPaths = (
			);
			inputPaths = (
				"${PODS_PODFILE_DIR_PATH}/Podfile.lock",
				"${PODS_ROOT}/Manifest.lock",
			);
			name = "[CP] Check Pods Manifest.lock";
			outputFileListPaths = (
			);
			outputPaths = (
				"$(DERIVED_FILE_DIR)/Pods-AOUNTests-checkManifestLockResult.txt",
			);
			runOnlyForDeploymentPostprocessing = 0;
			shellPath = /bin/sh;
			shellScript = "diff \"${PODS_PODFILE_DIR_PATH}/Podfile.lock\" \"${PODS_ROOT}/Manifest.lock\" > /dev/null\nif [ $? != 0 ] ; then\n    # print error to STDERR\n    echo \"error: The sandbox is not in sync with the Podfile.lock. Run 'pod install' or update your CocoaPods installation.\" >&2\n    exit 1\nfi\n# This output is used by Xcode 'outputs' to avoid re-running this script phase.\necho \"SUCCESS\" > \"${SCRIPT_OUTPUT_FILE_0}\"\n";
			showEnvVarsInLog = 0;
		};
		234D53B5FA2BBE8324046FE4 /* [CP] Embed Pods Frameworks */ = {
			isa = PBXShellScriptBuildPhase;
			buildActionMask = 2147483647;
			files = (
			);
			inputFileListPaths = (
				"${PODS_ROOT}/Target Support Files/Pods-AOUN-AOUNUITests/Pods-AOUN-AOUNUITests-frameworks-${CONFIGURATION}-input-files.xcfilelist",
			);
			name = "[CP] Embed Pods Frameworks";
			outputFileListPaths = (
				"${PODS_ROOT}/Target Support Files/Pods-AOUN-AOUNUITests/Pods-AOUN-AOUNUITests-frameworks-${CONFIGURATION}-output-files.xcfilelist",
			);
			runOnlyForDeploymentPostprocessing = 0;
			shellPath = /bin/sh;
			shellScript = "\"${PODS_ROOT}/Target Support Files/Pods-AOUN-AOUNUITests/Pods-AOUN-AOUNUITests-frameworks.sh\"\n";
			showEnvVarsInLog = 0;
		};
		3D49246B39ED84621FBF74E0 /* [CP] Embed Pods Frameworks */ = {
			isa = PBXShellScriptBuildPhase;
			buildActionMask = 2147483647;
			files = (
			);
			inputFileListPaths = (
				"${PODS_ROOT}/Target Support Files/Pods-AOUN/Pods-AOUN-frameworks-${CONFIGURATION}-input-files.xcfilelist",
			);
			name = "[CP] Embed Pods Frameworks";
			outputFileListPaths = (
				"${PODS_ROOT}/Target Support Files/Pods-AOUN/Pods-AOUN-frameworks-${CONFIGURATION}-output-files.xcfilelist",
			);
			runOnlyForDeploymentPostprocessing = 0;
			shellPath = /bin/sh;
			shellScript = "\"${PODS_ROOT}/Target Support Files/Pods-AOUN/Pods-AOUN-frameworks.sh\"\n";
			showEnvVarsInLog = 0;
		};
		A00C554D80C0BDCA6B60AF66 /* [CP] Embed Pods Frameworks */ = {
			isa = PBXShellScriptBuildPhase;
			buildActionMask = 2147483647;
			files = (
			);
			inputFileListPaths = (
				"${PODS_ROOT}/Target Support Files/Pods-AOUNTests/Pods-AOUNTests-frameworks-${CONFIGURATION}-input-files.xcfilelist",
			);
			name = "[CP] Embed Pods Frameworks";
			outputFileListPaths = (
				"${PODS_ROOT}/Target Support Files/Pods-AOUNTests/Pods-AOUNTests-frameworks-${CONFIGURATION}-output-files.xcfilelist",
			);
			runOnlyForDeploymentPostprocessing = 0;
			shellPath = /bin/sh;
			shellScript = "\"${PODS_ROOT}/Target Support Files/Pods-AOUNTests/Pods-AOUNTests-frameworks.sh\"\n";
			showEnvVarsInLog = 0;
		};
		A415B3A0B55880B8E1724CBD /* [CP] Check Pods Manifest.lock */ = {
			isa = PBXShellScriptBuildPhase;
			buildActionMask = 2147483647;
			files = (
			);
			inputFileListPaths = (
			);
			inputPaths = (
				"${PODS_PODFILE_DIR_PATH}/Podfile.lock",
				"${PODS_ROOT}/Manifest.lock",
			);
			name = "[CP] Check Pods Manifest.lock";
			outputFileListPaths = (
			);
			outputPaths = (
				"$(DERIVED_FILE_DIR)/Pods-AOUN-AOUNUITests-checkManifestLockResult.txt",
			);
			runOnlyForDeploymentPostprocessing = 0;
			shellPath = /bin/sh;
			shellScript = "diff \"${PODS_PODFILE_DIR_PATH}/Podfile.lock\" \"${PODS_ROOT}/Manifest.lock\" > /dev/null\nif [ $? != 0 ] ; then\n    # print error to STDERR\n    echo \"error: The sandbox is not in sync with the Podfile.lock. Run 'pod install' or update your CocoaPods installation.\" >&2\n    exit 1\nfi\n# This output is used by Xcode 'outputs' to avoid re-running this script phase.\necho \"SUCCESS\" > \"${SCRIPT_OUTPUT_FILE_0}\"\n";
			showEnvVarsInLog = 0;
		};
		B120E0B4A199375B7CD74457 /* [CP] Check Pods Manifest.lock */ = {
			isa = PBXShellScriptBuildPhase;
			buildActionMask = 2147483647;
			files = (
			);
			inputFileListPaths = (
			);
			inputPaths = (
				"${PODS_PODFILE_DIR_PATH}/Podfile.lock",
				"${PODS_ROOT}/Manifest.lock",
			);
			name = "[CP] Check Pods Manifest.lock";
			outputFileListPaths = (
			);
			outputPaths = (
				"$(DERIVED_FILE_DIR)/Pods-AOUN-checkManifestLockResult.txt",
			);
			runOnlyForDeploymentPostprocessing = 0;
			shellPath = /bin/sh;
			shellScript = "diff \"${PODS_PODFILE_DIR_PATH}/Podfile.lock\" \"${PODS_ROOT}/Manifest.lock\" > /dev/null\nif [ $? != 0 ] ; then\n    # print error to STDERR\n    echo \"error: The sandbox is not in sync with the Podfile.lock. Run 'pod install' or update your CocoaPods installation.\" >&2\n    exit 1\nfi\n# This output is used by Xcode 'outputs' to avoid re-running this script phase.\necho \"SUCCESS\" > \"${SCRIPT_OUTPUT_FILE_0}\"\n";
			showEnvVarsInLog = 0;
		};
/* End PBXShellScriptBuildPhase section */

/* Begin PBXSourcesBuildPhase section */
		0F40BDE826F54F4900FB83AC /* Sources */ = {
			isa = PBXSourcesBuildPhase;
			buildActionMask = 2147483647;
			files = (
				0F40BDF026F54F4900FB83AC /* AppDelegate.swift in Sources */,
				0F5CDD49272D8DD4007CD644 /* deleteNoteViewController.swift in Sources */,
				0FA3B47D271A0944005511B1 /* Question.swift in Sources */,
				0BD1DAAD26F669340088C25A /* UserHomeViewController.swift in Sources */,
				0FA3B489272719C5005511B1 /* AOUNExtensions.swift in Sources */,
				271CFDD1270AF78C00FEE698 /* resPostViewController.swift in Sources */,
				0F5CDD45272D4931007CD644 /* PushNotificationSupport.swift in Sources */,
				27E0F2D0270A13E6008C7B97 /* CommunityDetailsViewController.swift in Sources */,
				0FC21B7A26F6610100B83B0E /* AdminDashboard.swift in Sources */,
				0B0E335927304E9E000255F5 /* Workshops.swift in Sources */,
				0F502A79270F77EA00912EF0 /* Utilities.swift in Sources */,
				0F502A78270F77EA00912EF0 /* Constants.swift in Sources */,
				27712C6F270346AD00450466 /* resFile.swift in Sources */,
				523D7D7927253FC2001CF33E /* notification.swift in Sources */,
				0F6EAE1C272B0EE70060997F /* CustomAlertMessage.swift in Sources */,
				0FC21B7F26F8D72A00B83B0E /* RequestCell.swift in Sources */,
				0F5CDD47272D8DC1007CD644 /* deleteResViewController.swift in Sources */,
				0FC21B7C26F66ED100B83B0E /* Request.swift in Sources */,
				0F40BDF026F54F4900FB83AC /* AppDelegate.swift in Sources */,
				27712C7127034CB200450466 /* detailedResViewController.swift in Sources */,
				2792FB2C26F66EAA00366961 /* resViewViewController.swift in Sources */,
				0FC6356A270F8D7B004D7A2A /* PostNoteViewController.swift in Sources */,
				0F6EAE1A272AE61D0060997F /* RPTTextView.swift in Sources */,
				52D00D3026F69149009E3394 /* SignupViewController.swift in Sources */,
				0FC3ABEF2727FC5F00B43C26 /* EditProfile.swift in Sources */,
				0FC3ABE72727FC5F00B43C26 /* User.swift in Sources */,
				0FA3B47F271A11A1005511B1 /* QuestionDetail.swift in Sources */,
				0F502A7B270F77EA00912EF0 /* SignoutViewController.swift in Sources */,
				0FC63570270F8EA7004D7A2A /* NoteCellCollectionViewCell.swift in Sources */,
				0FA3B47327187054005511B1 /* Community.swift in Sources */,
				52D00D3226F6915C009E3394 /* LoginViewController.swift in Sources */,
				523D7D7527253F79001CF33E /* CommunityyViewController.swift in Sources */,
				0FC3ABE82727FC5F00B43C26 /* ResTableViewCell.swift in Sources */,
				274C04C7270A1AFD00CFA191 /* RequestCommunityController.swift in Sources */,
				0FC3ABEE2727FC5F00B43C26 /* ViewViewController.swift in Sources */,
				52C97411271F7B7A00EEACBD /* community.swift in Sources */,
				0FC6356C270F8E5A004D7A2A /* detailedNoteViewController.swift in Sources */,
				0B0E335727304C5A000255F5 /* workshopDetailsVC.swift in Sources */,
				0FC63569270F8D7B004D7A2A /* ViewNotesViewController.swift in Sources */,
				0FA3B47A2719ED6D005511B1 /* CommunityQuestion.swift in Sources */,
				276D9C4F27063E0F0019B8AD /* DownloadManager.swift in Sources */,
				27712C6C2701E94E00450466 /* resourceCellCollectionViewCell.swift in Sources */,
				0FA3B48D27276C30005511B1 /* AnswerQuestion.swift in Sources */,
				0F502A77270F77EA00912EF0 /* ForgotPassViewController.swift in Sources */,
				0FA3B475271870A1005511B1 /* AskQuestion.swift in Sources */,
				0FA3B486271B16B7005511B1 /* CommunityAnswer.swift in Sources */,
				0F40BDF226F54F4900FB83AC /* SceneDelegate.swift in Sources */,
				0FC63572270F8EA7004D7A2A /* NoteFile.swift in Sources */,
				0FC3ABE92727FC5F00B43C26 /* notesTableViewCell.swift in Sources */,
			);
			runOnlyForDeploymentPostprocessing = 0;
		};
		0F40BDFE26F54F4A00FB83AC /* Sources */ = {
			isa = PBXSourcesBuildPhase;
			buildActionMask = 2147483647;
			files = (
				0F40BE0726F54F4A00FB83AC /* AOUNTests.swift in Sources */,
			);
			runOnlyForDeploymentPostprocessing = 0;
		};
		0F40BE0926F54F4A00FB83AC /* Sources */ = {
			isa = PBXSourcesBuildPhase;
			buildActionMask = 2147483647;
			files = (
				0F40BE1226F54F4A00FB83AC /* AOUNUITests.swift in Sources */,
			);
			runOnlyForDeploymentPostprocessing = 0;
		};
/* End PBXSourcesBuildPhase section */

/* Begin PBXTargetDependency section */
		0F40BE0426F54F4A00FB83AC /* PBXTargetDependency */ = {
			isa = PBXTargetDependency;
			target = 0F40BDEB26F54F4900FB83AC /* AOUN */;
			targetProxy = 0F40BE0326F54F4A00FB83AC /* PBXContainerItemProxy */;
		};
		0F40BE0F26F54F4A00FB83AC /* PBXTargetDependency */ = {
			isa = PBXTargetDependency;
			target = 0F40BDEB26F54F4900FB83AC /* AOUN */;
			targetProxy = 0F40BE0E26F54F4A00FB83AC /* PBXContainerItemProxy */;
		};
/* End PBXTargetDependency section */

/* Begin PBXVariantGroup section */
		0F40BDF526F54F4900FB83AC /* Main.storyboard */ = {
			isa = PBXVariantGroup;
			children = (
				0F40BDF626F54F4900FB83AC /* Base */,
			);
			name = Main.storyboard;
			sourceTree = "<group>";
		};
/* End PBXVariantGroup section */

/* Begin XCBuildConfiguration section */
		0F40BE1426F54F4A00FB83AC /* Debug */ = {
			isa = XCBuildConfiguration;
			buildSettings = {
				ALWAYS_SEARCH_USER_PATHS = NO;
				CLANG_ANALYZER_NONNULL = YES;
				CLANG_ANALYZER_NUMBER_OBJECT_CONVERSION = YES_AGGRESSIVE;
				CLANG_CXX_LANGUAGE_STANDARD = "gnu++14";
				CLANG_CXX_LIBRARY = "libc++";
				CLANG_ENABLE_MODULES = YES;
				CLANG_ENABLE_OBJC_ARC = YES;
				CLANG_ENABLE_OBJC_WEAK = YES;
				CLANG_WARN_BLOCK_CAPTURE_AUTORELEASING = YES;
				CLANG_WARN_BOOL_CONVERSION = YES;
				CLANG_WARN_COMMA = YES;
				CLANG_WARN_CONSTANT_CONVERSION = YES;
				CLANG_WARN_DEPRECATED_OBJC_IMPLEMENTATIONS = YES;
				CLANG_WARN_DIRECT_OBJC_ISA_USAGE = YES_ERROR;
				CLANG_WARN_DOCUMENTATION_COMMENTS = YES;
				CLANG_WARN_EMPTY_BODY = YES;
				CLANG_WARN_ENUM_CONVERSION = YES;
				CLANG_WARN_INFINITE_RECURSION = YES;
				CLANG_WARN_INT_CONVERSION = YES;
				CLANG_WARN_NON_LITERAL_NULL_CONVERSION = YES;
				CLANG_WARN_OBJC_IMPLICIT_RETAIN_SELF = YES;
				CLANG_WARN_OBJC_LITERAL_CONVERSION = YES;
				CLANG_WARN_OBJC_ROOT_CLASS = YES_ERROR;
				CLANG_WARN_QUOTED_INCLUDE_IN_FRAMEWORK_HEADER = YES;
				CLANG_WARN_RANGE_LOOP_ANALYSIS = YES;
				CLANG_WARN_STRICT_PROTOTYPES = YES;
				CLANG_WARN_SUSPICIOUS_MOVE = YES;
				CLANG_WARN_UNGUARDED_AVAILABILITY = YES_AGGRESSIVE;
				CLANG_WARN_UNREACHABLE_CODE = YES;
				CLANG_WARN__DUPLICATE_METHOD_MATCH = YES;
				COPY_PHASE_STRIP = NO;
				DEBUG_INFORMATION_FORMAT = dwarf;
				ENABLE_STRICT_OBJC_MSGSEND = YES;
				ENABLE_TESTABILITY = YES;
				GCC_C_LANGUAGE_STANDARD = gnu11;
				GCC_DYNAMIC_NO_PIC = NO;
				GCC_NO_COMMON_BLOCKS = YES;
				GCC_OPTIMIZATION_LEVEL = 0;
				GCC_PREPROCESSOR_DEFINITIONS = (
					"DEBUG=1",
					"$(inherited)",
				);
				GCC_WARN_64_TO_32_BIT_CONVERSION = YES;
				GCC_WARN_ABOUT_RETURN_TYPE = YES_ERROR;
				GCC_WARN_UNDECLARED_SELECTOR = YES;
				GCC_WARN_UNINITIALIZED_AUTOS = YES_AGGRESSIVE;
				GCC_WARN_UNUSED_FUNCTION = YES;
				GCC_WARN_UNUSED_VARIABLE = YES;
				IPHONEOS_DEPLOYMENT_TARGET = 14.1;
				MTL_ENABLE_DEBUG_INFO = INCLUDE_SOURCE;
				MTL_FAST_MATH = YES;
				ONLY_ACTIVE_ARCH = YES;
				SDKROOT = iphoneos;
				SWIFT_ACTIVE_COMPILATION_CONDITIONS = DEBUG;
				SWIFT_OPTIMIZATION_LEVEL = "-Onone";
			};
			name = Debug;
		};
		0F40BE1526F54F4A00FB83AC /* Release */ = {
			isa = XCBuildConfiguration;
			buildSettings = {
				ALWAYS_SEARCH_USER_PATHS = NO;
				CLANG_ANALYZER_NONNULL = YES;
				CLANG_ANALYZER_NUMBER_OBJECT_CONVERSION = YES_AGGRESSIVE;
				CLANG_CXX_LANGUAGE_STANDARD = "gnu++14";
				CLANG_CXX_LIBRARY = "libc++";
				CLANG_ENABLE_MODULES = YES;
				CLANG_ENABLE_OBJC_ARC = YES;
				CLANG_ENABLE_OBJC_WEAK = YES;
				CLANG_WARN_BLOCK_CAPTURE_AUTORELEASING = YES;
				CLANG_WARN_BOOL_CONVERSION = YES;
				CLANG_WARN_COMMA = YES;
				CLANG_WARN_CONSTANT_CONVERSION = YES;
				CLANG_WARN_DEPRECATED_OBJC_IMPLEMENTATIONS = YES;
				CLANG_WARN_DIRECT_OBJC_ISA_USAGE = YES_ERROR;
				CLANG_WARN_DOCUMENTATION_COMMENTS = YES;
				CLANG_WARN_EMPTY_BODY = YES;
				CLANG_WARN_ENUM_CONVERSION = YES;
				CLANG_WARN_INFINITE_RECURSION = YES;
				CLANG_WARN_INT_CONVERSION = YES;
				CLANG_WARN_NON_LITERAL_NULL_CONVERSION = YES;
				CLANG_WARN_OBJC_IMPLICIT_RETAIN_SELF = YES;
				CLANG_WARN_OBJC_LITERAL_CONVERSION = YES;
				CLANG_WARN_OBJC_ROOT_CLASS = YES_ERROR;
				CLANG_WARN_QUOTED_INCLUDE_IN_FRAMEWORK_HEADER = YES;
				CLANG_WARN_RANGE_LOOP_ANALYSIS = YES;
				CLANG_WARN_STRICT_PROTOTYPES = YES;
				CLANG_WARN_SUSPICIOUS_MOVE = YES;
				CLANG_WARN_UNGUARDED_AVAILABILITY = YES_AGGRESSIVE;
				CLANG_WARN_UNREACHABLE_CODE = YES;
				CLANG_WARN__DUPLICATE_METHOD_MATCH = YES;
				COPY_PHASE_STRIP = NO;
				DEBUG_INFORMATION_FORMAT = "dwarf-with-dsym";
				ENABLE_NS_ASSERTIONS = NO;
				ENABLE_STRICT_OBJC_MSGSEND = YES;
				GCC_C_LANGUAGE_STANDARD = gnu11;
				GCC_NO_COMMON_BLOCKS = YES;
				GCC_WARN_64_TO_32_BIT_CONVERSION = YES;
				GCC_WARN_ABOUT_RETURN_TYPE = YES_ERROR;
				GCC_WARN_UNDECLARED_SELECTOR = YES;
				GCC_WARN_UNINITIALIZED_AUTOS = YES_AGGRESSIVE;
				GCC_WARN_UNUSED_FUNCTION = YES;
				GCC_WARN_UNUSED_VARIABLE = YES;
				IPHONEOS_DEPLOYMENT_TARGET = 14.1;
				MTL_ENABLE_DEBUG_INFO = NO;
				MTL_FAST_MATH = YES;
				SDKROOT = iphoneos;
				SWIFT_COMPILATION_MODE = wholemodule;
				SWIFT_OPTIMIZATION_LEVEL = "-O";
				VALIDATE_PRODUCT = YES;
			};
			name = Release;
		};
		0F40BE1726F54F4A00FB83AC /* Debug */ = {
			isa = XCBuildConfiguration;
			baseConfigurationReference = 5402E075B8C0E3C999483E31 /* Pods-AOUN.debug.xcconfig */;
			buildSettings = {
				ASSETCATALOG_COMPILER_APPICON_NAME = AppIcon;
				ASSETCATALOG_COMPILER_GLOBAL_ACCENT_COLOR_NAME = AccentColor;
				CODE_SIGN_ENTITLEMENTS = AOUN/AOUN.entitlements;
				CODE_SIGN_STYLE = Automatic;
				DEVELOPMENT_TEAM = "";
				INFOPLIST_FILE = AOUN/Info.plist;
				LD_RUNPATH_SEARCH_PATHS = (
					"$(inherited)",
					"@executable_path/Frameworks",
				);
				PRODUCT_BUNDLE_IDENTIFIER = swe444.aoun;
				PRODUCT_NAME = "$(TARGET_NAME)";
				SWIFT_VERSION = 5.0;
				TARGETED_DEVICE_FAMILY = 1;
			};
			name = Debug;
		};
		0F40BE1826F54F4A00FB83AC /* Release */ = {
			isa = XCBuildConfiguration;
			baseConfigurationReference = 682C14C097C50B63F646FB01 /* Pods-AOUN.release.xcconfig */;
			buildSettings = {
				ASSETCATALOG_COMPILER_APPICON_NAME = AppIcon;
				ASSETCATALOG_COMPILER_GLOBAL_ACCENT_COLOR_NAME = AccentColor;
				CODE_SIGN_ENTITLEMENTS = AOUN/AOUNRelease.entitlements;
				CODE_SIGN_STYLE = Automatic;
				DEVELOPMENT_TEAM = 8Q5F7V8QAQ;
				INFOPLIST_FILE = AOUN/Info.plist;
				LD_RUNPATH_SEARCH_PATHS = (
					"$(inherited)",
					"@executable_path/Frameworks",
				);
				PRODUCT_BUNDLE_IDENTIFIER = swe444.aoun;
				PRODUCT_NAME = "$(TARGET_NAME)";
				SWIFT_VERSION = 5.0;
				TARGETED_DEVICE_FAMILY = 1;
			};
			name = Release;
		};
		0F40BE1A26F54F4A00FB83AC /* Debug */ = {
			isa = XCBuildConfiguration;
			baseConfigurationReference = ED6605DD51AFB6714DBC5866 /* Pods-AOUNTests.debug.xcconfig */;
			buildSettings = {
				ALWAYS_EMBED_SWIFT_STANDARD_LIBRARIES = YES;
				BUNDLE_LOADER = "$(TEST_HOST)";
				CODE_SIGN_STYLE = Automatic;
				INFOPLIST_FILE = AOUNTests/Info.plist;
				IPHONEOS_DEPLOYMENT_TARGET = 14.5;
				LD_RUNPATH_SEARCH_PATHS = (
					"$(inherited)",
					"@executable_path/Frameworks",
					"@loader_path/Frameworks",
				);
				PRODUCT_BUNDLE_IDENTIFIER = Aoun.AOUNTests;
				PRODUCT_NAME = "$(TARGET_NAME)";
				SWIFT_VERSION = 5.0;
				TARGETED_DEVICE_FAMILY = "1,2";
				TEST_HOST = "$(BUILT_PRODUCTS_DIR)/AOUN.app/AOUN";
			};
			name = Debug;
		};
		0F40BE1B26F54F4A00FB83AC /* Release */ = {
			isa = XCBuildConfiguration;
			baseConfigurationReference = D3E4201DB3D2E9FB5EEB0FB8 /* Pods-AOUNTests.release.xcconfig */;
			buildSettings = {
				ALWAYS_EMBED_SWIFT_STANDARD_LIBRARIES = YES;
				BUNDLE_LOADER = "$(TEST_HOST)";
				CODE_SIGN_STYLE = Automatic;
				INFOPLIST_FILE = AOUNTests/Info.plist;
				IPHONEOS_DEPLOYMENT_TARGET = 14.5;
				LD_RUNPATH_SEARCH_PATHS = (
					"$(inherited)",
					"@executable_path/Frameworks",
					"@loader_path/Frameworks",
				);
				PRODUCT_BUNDLE_IDENTIFIER = Aoun.AOUNTests;
				PRODUCT_NAME = "$(TARGET_NAME)";
				SWIFT_VERSION = 5.0;
				TARGETED_DEVICE_FAMILY = "1,2";
				TEST_HOST = "$(BUILT_PRODUCTS_DIR)/AOUN.app/AOUN";
			};
			name = Release;
		};
		0F40BE1D26F54F4A00FB83AC /* Debug */ = {
			isa = XCBuildConfiguration;
			baseConfigurationReference = 90717719763E0B414C8AB5D7 /* Pods-AOUN-AOUNUITests.debug.xcconfig */;
			buildSettings = {
				ALWAYS_EMBED_SWIFT_STANDARD_LIBRARIES = YES;
				CODE_SIGN_STYLE = Automatic;
				INFOPLIST_FILE = AOUNUITests/Info.plist;
				LD_RUNPATH_SEARCH_PATHS = (
					"$(inherited)",
					"@executable_path/Frameworks",
					"@loader_path/Frameworks",
				);
				PRODUCT_BUNDLE_IDENTIFIER = Aoun.AOUNUITests;
				PRODUCT_NAME = "$(TARGET_NAME)";
				SWIFT_VERSION = 5.0;
				TARGETED_DEVICE_FAMILY = "1,2";
				TEST_TARGET_NAME = AOUN;
			};
			name = Debug;
		};
		0F40BE1E26F54F4A00FB83AC /* Release */ = {
			isa = XCBuildConfiguration;
			baseConfigurationReference = 3F2A30137F1E6FDE846B19A1 /* Pods-AOUN-AOUNUITests.release.xcconfig */;
			buildSettings = {
				ALWAYS_EMBED_SWIFT_STANDARD_LIBRARIES = YES;
				CODE_SIGN_STYLE = Automatic;
				INFOPLIST_FILE = AOUNUITests/Info.plist;
				LD_RUNPATH_SEARCH_PATHS = (
					"$(inherited)",
					"@executable_path/Frameworks",
					"@loader_path/Frameworks",
				);
				PRODUCT_BUNDLE_IDENTIFIER = Aoun.AOUNUITests;
				PRODUCT_NAME = "$(TARGET_NAME)";
				SWIFT_VERSION = 5.0;
				TARGETED_DEVICE_FAMILY = "1,2";
				TEST_TARGET_NAME = AOUN;
			};
			name = Release;
		};
/* End XCBuildConfiguration section */

/* Begin XCConfigurationList section */
		0F40BDE726F54F4900FB83AC /* Build configuration list for PBXProject "AOUN" */ = {
			isa = XCConfigurationList;
			buildConfigurations = (
				0F40BE1426F54F4A00FB83AC /* Debug */,
				0F40BE1526F54F4A00FB83AC /* Release */,
			);
			defaultConfigurationIsVisible = 0;
			defaultConfigurationName = Release;
		};
		0F40BE1626F54F4A00FB83AC /* Build configuration list for PBXNativeTarget "AOUN" */ = {
			isa = XCConfigurationList;
			buildConfigurations = (
				0F40BE1726F54F4A00FB83AC /* Debug */,
				0F40BE1826F54F4A00FB83AC /* Release */,
			);
			defaultConfigurationIsVisible = 0;
			defaultConfigurationName = Release;
		};
		0F40BE1926F54F4A00FB83AC /* Build configuration list for PBXNativeTarget "AOUNTests" */ = {
			isa = XCConfigurationList;
			buildConfigurations = (
				0F40BE1A26F54F4A00FB83AC /* Debug */,
				0F40BE1B26F54F4A00FB83AC /* Release */,
			);
			defaultConfigurationIsVisible = 0;
			defaultConfigurationName = Release;
		};
		0F40BE1C26F54F4A00FB83AC /* Build configuration list for PBXNativeTarget "AOUNUITests" */ = {
			isa = XCConfigurationList;
			buildConfigurations = (
				0F40BE1D26F54F4A00FB83AC /* Debug */,
				0F40BE1E26F54F4A00FB83AC /* Release */,
			);
			defaultConfigurationIsVisible = 0;
			defaultConfigurationName = Release;
		};
/* End XCConfigurationList section */
	};
	rootObject = 0F40BDE426F54F4900FB83AC /* Project object */;
}
